
Microsoft Visual Studio Solution File, Format Version 12.00
# Visual Studio Version 16
VisualStudioVersion = 16.0.31624.102
MinimumVisualStudioVersion = 10.0.40219.1
Project("{2150E333-8FDC-42A3-9474-1A3956D46DE8}") = "unit03", "unit03", "{E7261C27-223E-435B-AB78-0D25D2DC46E2}"
EndProject
Project("{2150E333-8FDC-42A3-9474-1A3956D46DE8}") = "unit04", "unit04", "{CDCFBBB3-9818-436E-A957-D0935F4188A6}"
EndProject
Project("{2150E333-8FDC-42A3-9474-1A3956D46DE8}") = "unit01", "unit01", "{5EB51AFF-4535-446D-9323-2C14CA91D9F6}"
EndProject
Project("{2150E333-8FDC-42A3-9474-1A3956D46DE8}") = "unit02", "unit02", "{0302B655-AF71-411F-A6FC-CE1843673530}"
EndProject
Project("{2150E333-8FDC-42A3-9474-1A3956D46DE8}") = "unit05", "unit05", "{A33586A3-4CD3-4CE0-B8C6-BA26055DE000}"
EndProject
Project("{2150E333-8FDC-42A3-9474-1A3956D46DE8}") = "unit06", "unit06", "{9884615E-5817-441D-B2F0-8AF947D7B340}"
EndProject
Project("{8BC9CEB8-8B4A-11D0-8D11-00A0C91BC942}") = "oj3", "unit06\oj3\oj3.vcxproj", "{FB667A2F-1BF7-4702-A2BC-FEF567492C52}"
EndProject
Project("{8BC9CEB8-8B4A-11D0-8D11-00A0C91BC942}") = "oj2", "unit06\oj2\oj2.vcxproj", "{C551BA75-28AE-4AC0-9D66-E4FADD4E4AB9}"
EndProject
Project("{8BC9CEB8-8B4A-11D0-8D11-00A0C91BC942}") = "oj1", "unit06\oj1\oj1.vcxproj", "{AEEC0B30-3BEB-4174-A1DE-03372E5EE165}"
EndProject
Project("{2150E333-8FDC-42A3-9474-1A3956D46DE8}") = "unit07", "unit07", "{D3B7CF3F-BC6E-4B0C-BA48-1707F17DA857}"
EndProject
Project("{8BC9CEB8-8B4A-11D0-8D11-00A0C91BC942}") = "homework1", "unit07\homework1\homework1.vcxproj", "{25825C15-629E-4E62-B902-75B56988AEA7}"
EndProject
Project("{8BC9CEB8-8B4A-11D0-8D11-00A0C91BC942}") = "homework1", "unit01\homework1\homework1.vcxproj", "{8BB9AC96-5A9C-4FF6-9957-9C88EECD8F86}"
EndProject
Project("{8BC9CEB8-8B4A-11D0-8D11-00A0C91BC942}") = "oj1", "unit02\oj1\oj1.vcxproj", "{7EADA132-D828-4C62-BD48-0C2F21B36ADF}"
EndProject
Project("{8BC9CEB8-8B4A-11D0-8D11-00A0C91BC942}") = "oj2", "unit02\oj2\oj2.vcxproj", "{0321865E-558D-40E1-A2BE-F8DA4D1DE43B}"
EndProject
Project("{8BC9CEB8-8B4A-11D0-8D11-00A0C91BC942}") = "oj1_1", "unit03\oj1_1\oj1_1.vcxproj", "{A2F3CF4B-9FA2-4F14-A26A-C15A065EA718}"
EndProject
Project("{8BC9CEB8-8B4A-11D0-8D11-00A0C91BC942}") = "oj1_2", "unit03\oj1_2\oj1_2.vcxproj", "{C16E74AE-5BDB-47D5-890C-1FCDA1A25CA9}"
EndProject
Project("{8BC9CEB8-8B4A-11D0-8D11-00A0C91BC942}") = "oj2", "unit03\oj2\oj2.vcxproj", "{9C16B43A-6C32-40B0-B792-6EF2FEF7976F}"
EndProject
Project("{8BC9CEB8-8B4A-11D0-8D11-00A0C91BC942}") = "oj1", "unit04\oj1\oj1.vcxproj", "{D22A26B9-CFF2-4DDB-9E1D-0FF22C3803F8}"
EndProject
Project("{8BC9CEB8-8B4A-11D0-8D11-00A0C91BC942}") = "oj2", "unit04\oj2\oj2.vcxproj", "{C639FD90-505E-496A-8082-92BC72408613}"
EndProject
Project("{8BC9CEB8-8B4A-11D0-8D11-00A0C91BC942}") = "oj3", "unit04\oj3\oj3.vcxproj", "{9088D0B3-D026-4F26-A6EF-F33D779F3A6A}"
EndProject
Project("{8BC9CEB8-8B4A-11D0-8D11-00A0C91BC942}") = "oj4", "unit04\oj4\oj4.vcxproj", "{30FA9B8E-2E58-46F4-BD94-D2E179F55EE4}"
EndProject
Project("{8BC9CEB8-8B4A-11D0-8D11-00A0C91BC942}") = "oj5", "unit04\oj5\oj5.vcxproj", "{A99303B5-2E3D-4700-B78E-8E980ED238B9}"
EndProject
Project("{8BC9CEB8-8B4A-11D0-8D11-00A0C91BC942}") = "oj1", "unit05\oj1\oj1.vcxproj", "{C2360B2A-EE79-43D4-B622-240BAB5BA9C5}"
EndProject
Project("{8BC9CEB8-8B4A-11D0-8D11-00A0C91BC942}") = "oj2", "unit05\oj2\oj2.vcxproj", "{9416645F-8BA4-4928-949E-A688656C3A95}"
EndProject
Project("{2150E333-8FDC-42A3-9474-1A3956D46DE8}") = "unit08", "unit08", "{C5D3408C-92BA-4FB6-9A03-8E956AE324EF}"
EndProject
Project("{8BC9CEB8-8B4A-11D0-8D11-00A0C91BC942}") = "oj1", "unit08\oj1\oj1.vcxproj", "{CCFEFBFD-010D-4B2F-BC45-D13CC89CB36E}"
EndProject
Project("{8BC9CEB8-8B4A-11D0-8D11-00A0C91BC942}") = "oj2", "unit08\oj2\oj2.vcxproj", "{4118B9A8-82BA-486C-93AE-8F628E7A3433}"
EndProject
Global
	GlobalSection(SolutionConfigurationPlatforms) = preSolution
		Debug|x64 = Debug|x64
		Debug|x86 = Debug|x86
		Release|x64 = Release|x64
		Release|x86 = Release|x86
	EndGlobalSection
	GlobalSection(ProjectConfigurationPlatforms) = postSolution
		{FB667A2F-1BF7-4702-A2BC-FEF567492C52}.Debug|x64.ActiveCfg = Debug|x64
		{FB667A2F-1BF7-4702-A2BC-FEF567492C52}.Debug|x64.Build.0 = Debug|x64
		{FB667A2F-1BF7-4702-A2BC-FEF567492C52}.Debug|x86.ActiveCfg = Debug|Win32
		{FB667A2F-1BF7-4702-A2BC-FEF567492C52}.Debug|x86.Build.0 = Debug|Win32
		{FB667A2F-1BF7-4702-A2BC-FEF567492C52}.Release|x64.ActiveCfg = Release|x64
		{FB667A2F-1BF7-4702-A2BC-FEF567492C52}.Release|x64.Build.0 = Release|x64
		{FB667A2F-1BF7-4702-A2BC-FEF567492C52}.Release|x86.ActiveCfg = Release|Win32
		{FB667A2F-1BF7-4702-A2BC-FEF567492C52}.Release|x86.Build.0 = Release|Win32
		{C551BA75-28AE-4AC0-9D66-E4FADD4E4AB9}.Debug|x64.ActiveCfg = Debug|x64
		{C551BA75-28AE-4AC0-9D66-E4FADD4E4AB9}.Debug|x64.Build.0 = Debug|x64
		{C551BA75-28AE-4AC0-9D66-E4FADD4E4AB9}.Debug|x86.ActiveCfg = Debug|Win32
		{C551BA75-28AE-4AC0-9D66-E4FADD4E4AB9}.Debug|x86.Build.0 = Debug|Win32
		{C551BA75-28AE-4AC0-9D66-E4FADD4E4AB9}.Release|x64.ActiveCfg = Release|x64
		{C551BA75-28AE-4AC0-9D66-E4FADD4E4AB9}.Release|x64.Build.0 = Release|x64
		{C551BA75-28AE-4AC0-9D66-E4FADD4E4AB9}.Release|x86.ActiveCfg = Release|Win32
		{C551BA75-28AE-4AC0-9D66-E4FADD4E4AB9}.Release|x86.Build.0 = Release|Win32
		{AEEC0B30-3BEB-4174-A1DE-03372E5EE165}.Debug|x64.ActiveCfg = Debug|x64
		{AEEC0B30-3BEB-4174-A1DE-03372E5EE165}.Debug|x64.Build.0 = Debug|x64
		{AEEC0B30-3BEB-4174-A1DE-03372E5EE165}.Debug|x86.ActiveCfg = Debug|Win32
		{AEEC0B30-3BEB-4174-A1DE-03372E5EE165}.Debug|x86.Build.0 = Debug|Win32
		{AEEC0B30-3BEB-4174-A1DE-03372E5EE165}.Release|x64.ActiveCfg = Release|x64
		{AEEC0B30-3BEB-4174-A1DE-03372E5EE165}.Release|x64.Build.0 = Release|x64
		{AEEC0B30-3BEB-4174-A1DE-03372E5EE165}.Release|x86.ActiveCfg = Release|Win32
		{AEEC0B30-3BEB-4174-A1DE-03372E5EE165}.Release|x86.Build.0 = Release|Win32
		{25825C15-629E-4E62-B902-75B56988AEA7}.Debug|x64.ActiveCfg = Debug|x64
		{25825C15-629E-4E62-B902-75B56988AEA7}.Debug|x64.Build.0 = Debug|x64
		{25825C15-629E-4E62-B902-75B56988AEA7}.Debug|x86.ActiveCfg = Debug|Win32
		{25825C15-629E-4E62-B902-75B56988AEA7}.Debug|x86.Build.0 = Debug|Win32
		{25825C15-629E-4E62-B902-75B56988AEA7}.Release|x64.ActiveCfg = Release|x64
		{25825C15-629E-4E62-B902-75B56988AEA7}.Release|x64.Build.0 = Release|x64
		{25825C15-629E-4E62-B902-75B56988AEA7}.Release|x86.ActiveCfg = Release|Win32
		{25825C15-629E-4E62-B902-75B56988AEA7}.Release|x86.Build.0 = Release|Win32
		{8BB9AC96-5A9C-4FF6-9957-9C88EECD8F86}.Debug|x64.ActiveCfg = Debug|x64
		{8BB9AC96-5A9C-4FF6-9957-9C88EECD8F86}.Debug|x64.Build.0 = Debug|x64
		{8BB9AC96-5A9C-4FF6-9957-9C88EECD8F86}.Debug|x86.ActiveCfg = Debug|Win32
		{8BB9AC96-5A9C-4FF6-9957-9C88EECD8F86}.Debug|x86.Build.0 = Debug|Win32
		{8BB9AC96-5A9C-4FF6-9957-9C88EECD8F86}.Release|x64.ActiveCfg = Release|x64
		{8BB9AC96-5A9C-4FF6-9957-9C88EECD8F86}.Release|x64.Build.0 = Release|x64
		{8BB9AC96-5A9C-4FF6-9957-9C88EECD8F86}.Release|x86.ActiveCfg = Release|Win32
		{8BB9AC96-5A9C-4FF6-9957-9C88EECD8F86}.Release|x86.Build.0 = Release|Win32
		{7EADA132-D828-4C62-BD48-0C2F21B36ADF}.Debug|x64.ActiveCfg = Debug|x64
		{7EADA132-D828-4C62-BD48-0C2F21B36ADF}.Debug|x64.Build.0 = Debug|x64
		{7EADA132-D828-4C62-BD48-0C2F21B36ADF}.Debug|x86.ActiveCfg = Debug|Win32
		{7EADA132-D828-4C62-BD48-0C2F21B36ADF}.Debug|x86.Build.0 = Debug|Win32
		{7EADA132-D828-4C62-BD48-0C2F21B36ADF}.Release|x64.ActiveCfg = Release|x64
		{7EADA132-D828-4C62-BD48-0C2F21B36ADF}.Release|x64.Build.0 = Release|x64
		{7EADA132-D828-4C62-BD48-0C2F21B36ADF}.Release|x86.ActiveCfg = Release|Win32
		{7EADA132-D828-4C62-BD48-0C2F21B36ADF}.Release|x86.Build.0 = Release|Win32
		{0321865E-558D-40E1-A2BE-F8DA4D1DE43B}.Debug|x64.ActiveCfg = Debug|x64
		{0321865E-558D-40E1-A2BE-F8DA4D1DE43B}.Debug|x64.Build.0 = Debug|x64
		{0321865E-558D-40E1-A2BE-F8DA4D1DE43B}.Debug|x86.ActiveCfg = Debug|Win32
		{0321865E-558D-40E1-A2BE-F8DA4D1DE43B}.Debug|x86.Build.0 = Debug|Win32
		{0321865E-558D-40E1-A2BE-F8DA4D1DE43B}.Release|x64.ActiveCfg = Release|x64
		{0321865E-558D-40E1-A2BE-F8DA4D1DE43B}.Release|x64.Build.0 = Release|x64
		{0321865E-558D-40E1-A2BE-F8DA4D1DE43B}.Release|x86.ActiveCfg = Release|Win32
		{0321865E-558D-40E1-A2BE-F8DA4D1DE43B}.Release|x86.Build.0 = Release|Win32
		{A2F3CF4B-9FA2-4F14-A26A-C15A065EA718}.Debug|x64.ActiveCfg = Debug|x64
		{A2F3CF4B-9FA2-4F14-A26A-C15A065EA718}.Debug|x64.Build.0 = Debug|x64
		{A2F3CF4B-9FA2-4F14-A26A-C15A065EA718}.Debug|x86.ActiveCfg = Debug|Win32
		{A2F3CF4B-9FA2-4F14-A26A-C15A065EA718}.Debug|x86.Build.0 = Debug|Win32
		{A2F3CF4B-9FA2-4F14-A26A-C15A065EA718}.Release|x64.ActiveCfg = Release|x64
		{A2F3CF4B-9FA2-4F14-A26A-C15A065EA718}.Release|x64.Build.0 = Release|x64
		{A2F3CF4B-9FA2-4F14-A26A-C15A065EA718}.Release|x86.ActiveCfg = Release|Win32
		{A2F3CF4B-9FA2-4F14-A26A-C15A065EA718}.Release|x86.Build.0 = Release|Win32
		{C16E74AE-5BDB-47D5-890C-1FCDA1A25CA9}.Debug|x64.ActiveCfg = Debug|x64
		{C16E74AE-5BDB-47D5-890C-1FCDA1A25CA9}.Debug|x64.Build.0 = Debug|x64
		{C16E74AE-5BDB-47D5-890C-1FCDA1A25CA9}.Debug|x86.ActiveCfg = Debug|Win32
		{C16E74AE-5BDB-47D5-890C-1FCDA1A25CA9}.Debug|x86.Build.0 = Debug|Win32
		{C16E74AE-5BDB-47D5-890C-1FCDA1A25CA9}.Release|x64.ActiveCfg = Release|x64
		{C16E74AE-5BDB-47D5-890C-1FCDA1A25CA9}.Release|x64.Build.0 = Release|x64
		{C16E74AE-5BDB-47D5-890C-1FCDA1A25CA9}.Release|x86.ActiveCfg = Release|Win32
		{C16E74AE-5BDB-47D5-890C-1FCDA1A25CA9}.Release|x86.Build.0 = Release|Win32
		{9C16B43A-6C32-40B0-B792-6EF2FEF7976F}.Debug|x64.ActiveCfg = Debug|x64
		{9C16B43A-6C32-40B0-B792-6EF2FEF7976F}.Debug|x64.Build.0 = Debug|x64
		{9C16B43A-6C32-40B0-B792-6EF2FEF7976F}.Debug|x86.ActiveCfg = Debug|Win32
		{9C16B43A-6C32-40B0-B792-6EF2FEF7976F}.Debug|x86.Build.0 = Debug|Win32
		{9C16B43A-6C32-40B0-B792-6EF2FEF7976F}.Release|x64.ActiveCfg = Release|x64
		{9C16B43A-6C32-40B0-B792-6EF2FEF7976F}.Release|x64.Build.0 = Release|x64
		{9C16B43A-6C32-40B0-B792-6EF2FEF7976F}.Release|x86.ActiveCfg = Release|Win32
		{9C16B43A-6C32-40B0-B792-6EF2FEF7976F}.Release|x86.Build.0 = Release|Win32
		{D22A26B9-CFF2-4DDB-9E1D-0FF22C3803F8}.Debug|x64.ActiveCfg = Debug|x64
		{D22A26B9-CFF2-4DDB-9E1D-0FF22C3803F8}.Debug|x64.Build.0 = Debug|x64
		{D22A26B9-CFF2-4DDB-9E1D-0FF22C3803F8}.Debug|x86.ActiveCfg = Debug|Win32
		{D22A26B9-CFF2-4DDB-9E1D-0FF22C3803F8}.Debug|x86.Build.0 = Debug|Win32
		{D22A26B9-CFF2-4DDB-9E1D-0FF22C3803F8}.Release|x64.ActiveCfg = Release|x64
		{D22A26B9-CFF2-4DDB-9E1D-0FF22C3803F8}.Release|x64.Build.0 = Release|x64
		{D22A26B9-CFF2-4DDB-9E1D-0FF22C3803F8}.Release|x86.ActiveCfg = Release|Win32
		{D22A26B9-CFF2-4DDB-9E1D-0FF22C3803F8}.Release|x86.Build.0 = Release|Win32
		{C639FD90-505E-496A-8082-92BC72408613}.Debug|x64.ActiveCfg = Debug|x64
		{C639FD90-505E-496A-8082-92BC72408613}.Debug|x64.Build.0 = Debug|x64
		{C639FD90-505E-496A-8082-92BC72408613}.Debug|x86.ActiveCfg = Debug|Win32
		{C639FD90-505E-496A-8082-92BC72408613}.Debug|x86.Build.0 = Debug|Win32
		{C639FD90-505E-496A-8082-92BC72408613}.Release|x64.ActiveCfg = Release|x64
		{C639FD90-505E-496A-8082-92BC72408613}.Release|x64.Build.0 = Release|x64
		{C639FD90-505E-496A-8082-92BC72408613}.Release|x86.ActiveCfg = Release|Win32
		{C639FD90-505E-496A-8082-92BC72408613}.Release|x86.Build.0 = Release|Win32
		{9088D0B3-D026-4F26-A6EF-F33D779F3A6A}.Debug|x64.ActiveCfg = Debug|x64
		{9088D0B3-D026-4F26-A6EF-F33D779F3A6A}.Debug|x64.Build.0 = Debug|x64
		{9088D0B3-D026-4F26-A6EF-F33D779F3A6A}.Debug|x86.ActiveCfg = Debug|Win32
		{9088D0B3-D026-4F26-A6EF-F33D779F3A6A}.Debug|x86.Build.0 = Debug|Win32
		{9088D0B3-D026-4F26-A6EF-F33D779F3A6A}.Release|x64.ActiveCfg = Release|x64
		{9088D0B3-D026-4F26-A6EF-F33D779F3A6A}.Release|x64.Build.0 = Release|x64
		{9088D0B3-D026-4F26-A6EF-F33D779F3A6A}.Release|x86.ActiveCfg = Release|Win32
		{9088D0B3-D026-4F26-A6EF-F33D779F3A6A}.Release|x86.Build.0 = Release|Win32
		{30FA9B8E-2E58-46F4-BD94-D2E179F55EE4}.Debug|x64.ActiveCfg = Debug|x64
		{30FA9B8E-2E58-46F4-BD94-D2E179F55EE4}.Debug|x64.Build.0 = Debug|x64
		{30FA9B8E-2E58-46F4-BD94-D2E179F55EE4}.Debug|x86.ActiveCfg = Debug|Win32
		{30FA9B8E-2E58-46F4-BD94-D2E179F55EE4}.Debug|x86.Build.0 = Debug|Win32
		{30FA9B8E-2E58-46F4-BD94-D2E179F55EE4}.Release|x64.ActiveCfg = Release|x64
		{30FA9B8E-2E58-46F4-BD94-D2E179F55EE4}.Release|x64.Build.0 = Release|x64
		{30FA9B8E-2E58-46F4-BD94-D2E179F55EE4}.Release|x86.ActiveCfg = Release|Win32
		{30FA9B8E-2E58-46F4-BD94-D2E179F55EE4}.Release|x86.Build.0 = Release|Win32
		{A99303B5-2E3D-4700-B78E-8E980ED238B9}.Debug|x64.ActiveCfg = Debug|x64
		{A99303B5-2E3D-4700-B78E-8E980ED238B9}.Debug|x64.Build.0 = Debug|x64
		{A99303B5-2E3D-4700-B78E-8E980ED238B9}.Debug|x86.ActiveCfg = Debug|Win32
		{A99303B5-2E3D-4700-B78E-8E980ED238B9}.Debug|x86.Build.0 = Debug|Win32
		{A99303B5-2E3D-4700-B78E-8E980ED238B9}.Release|x64.ActiveCfg = Release|x64
		{A99303B5-2E3D-4700-B78E-8E980ED238B9}.Release|x64.Build.0 = Release|x64
		{A99303B5-2E3D-4700-B78E-8E980ED238B9}.Release|x86.ActiveCfg = Release|Win32
		{A99303B5-2E3D-4700-B78E-8E980ED238B9}.Release|x86.Build.0 = Release|Win32
		{C2360B2A-EE79-43D4-B622-240BAB5BA9C5}.Debug|x64.ActiveCfg = Debug|x64
		{C2360B2A-EE79-43D4-B622-240BAB5BA9C5}.Debug|x64.Build.0 = Debug|x64
		{C2360B2A-EE79-43D4-B622-240BAB5BA9C5}.Debug|x86.ActiveCfg = Debug|Win32
		{C2360B2A-EE79-43D4-B622-240BAB5BA9C5}.Debug|x86.Build.0 = Debug|Win32
		{C2360B2A-EE79-43D4-B622-240BAB5BA9C5}.Release|x64.ActiveCfg = Release|x64
		{C2360B2A-EE79-43D4-B622-240BAB5BA9C5}.Release|x64.Build.0 = Release|x64
		{C2360B2A-EE79-43D4-B622-240BAB5BA9C5}.Release|x86.ActiveCfg = Release|Win32
		{C2360B2A-EE79-43D4-B622-240BAB5BA9C5}.Release|x86.Build.0 = Release|Win32
		{9416645F-8BA4-4928-949E-A688656C3A95}.Debug|x64.ActiveCfg = Debug|x64
		{9416645F-8BA4-4928-949E-A688656C3A95}.Debug|x64.Build.0 = Debug|x64
		{9416645F-8BA4-4928-949E-A688656C3A95}.Debug|x86.ActiveCfg = Debug|Win32
		{9416645F-8BA4-4928-949E-A688656C3A95}.Debug|x86.Build.0 = Debug|Win32
		{9416645F-8BA4-4928-949E-A688656C3A95}.Release|x64.ActiveCfg = Release|x64
		{9416645F-8BA4-4928-949E-A688656C3A95}.Release|x64.Build.0 = Release|x64
		{9416645F-8BA4-4928-949E-A688656C3A95}.Release|x86.ActiveCfg = Release|Win32
		{9416645F-8BA4-4928-949E-A688656C3A95}.Release|x86.Build.0 = Release|Win32
		{CCFEFBFD-010D-4B2F-BC45-D13CC89CB36E}.Debug|x64.ActiveCfg = Debug|x64
		{CCFEFBFD-010D-4B2F-BC45-D13CC89CB36E}.Debug|x64.Build.0 = Debug|x64
		{CCFEFBFD-010D-4B2F-BC45-D13CC89CB36E}.Debug|x86.ActiveCfg = Debug|Win32
		{CCFEFBFD-010D-4B2F-BC45-D13CC89CB36E}.Debug|x86.Build.0 = Debug|Win32
		{CCFEFBFD-010D-4B2F-BC45-D13CC89CB36E}.Release|x64.ActiveCfg = Release|x64
		{CCFEFBFD-010D-4B2F-BC45-D13CC89CB36E}.Release|x64.Build.0 = Release|x64
		{CCFEFBFD-010D-4B2F-BC45-D13CC89CB36E}.Release|x86.ActiveCfg = Release|Win32
		{CCFEFBFD-010D-4B2F-BC45-D13CC89CB36E}.Release|x86.Build.0 = Release|Win32
		{4118B9A8-82BA-486C-93AE-8F628E7A3433}.Debug|x64.ActiveCfg = Debug|x64
		{4118B9A8-82BA-486C-93AE-8F628E7A3433}.Debug|x64.Build.0 = Debug|x64
		{4118B9A8-82BA-486C-93AE-8F628E7A3433}.Debug|x86.ActiveCfg = Debug|Win32
		{4118B9A8-82BA-486C-93AE-8F628E7A3433}.Debug|x86.Build.0 = Debug|Win32
		{4118B9A8-82BA-486C-93AE-8F628E7A3433}.Release|x64.ActiveCfg = Release|x64
		{4118B9A8-82BA-486C-93AE-8F628E7A3433}.Release|x64.Build.0 = Release|x64
		{4118B9A8-82BA-486C-93AE-8F628E7A3433}.Release|x86.ActiveCfg = Release|Win32
		{4118B9A8-82BA-486C-93AE-8F628E7A3433}.Release|x86.Build.0 = Release|Win32
	EndGlobalSection
	GlobalSection(SolutionProperties) = preSolution
		HideSolutionNode = FALSE
	EndGlobalSection
	GlobalSection(NestedProjects) = preSolution
		{FB667A2F-1BF7-4702-A2BC-FEF567492C52} = {9884615E-5817-441D-B2F0-8AF947D7B340}
		{C551BA75-28AE-4AC0-9D66-E4FADD4E4AB9} = {9884615E-5817-441D-B2F0-8AF947D7B340}
		{AEEC0B30-3BEB-4174-A1DE-03372E5EE165} = {9884615E-5817-441D-B2F0-8AF947D7B340}
		{25825C15-629E-4E62-B902-75B56988AEA7} = {D3B7CF3F-BC6E-4B0C-BA48-1707F17DA857}
		{8BB9AC96-5A9C-4FF6-9957-9C88EECD8F86} = {5EB51AFF-4535-446D-9323-2C14CA91D9F6}
		{7EADA132-D828-4C62-BD48-0C2F21B36ADF} = {0302B655-AF71-411F-A6FC-CE1843673530}
		{0321865E-558D-40E1-A2BE-F8DA4D1DE43B} = {0302B655-AF71-411F-A6FC-CE1843673530}
		{A2F3CF4B-9FA2-4F14-A26A-C15A065EA718} = {E7261C27-223E-435B-AB78-0D25D2DC46E2}
		{C16E74AE-5BDB-47D5-890C-1FCDA1A25CA9} = {E7261C27-223E-435B-AB78-0D25D2DC46E2}
		{9C16B43A-6C32-40B0-B792-6EF2FEF7976F} = {E7261C27-223E-435B-AB78-0D25D2DC46E2}
		{D22A26B9-CFF2-4DDB-9E1D-0FF22C3803F8} = {CDCFBBB3-9818-436E-A957-D0935F4188A6}
		{C639FD90-505E-496A-8082-92BC72408613} = {CDCFBBB3-9818-436E-A957-D0935F4188A6}
		{9088D0B3-D026-4F26-A6EF-F33D779F3A6A} = {CDCFBBB3-9818-436E-A957-D0935F4188A6}
		{30FA9B8E-2E58-46F4-BD94-D2E179F55EE4} = {CDCFBBB3-9818-436E-A957-D0935F4188A6}
		{A99303B5-2E3D-4700-B78E-8E980ED238B9} = {CDCFBBB3-9818-436E-A957-D0935F4188A6}
		{C2360B2A-EE79-43D4-B622-240BAB5BA9C5} = {A33586A3-4CD3-4CE0-B8C6-BA26055DE000}
		{9416645F-8BA4-4928-949E-A688656C3A95} = {A33586A3-4CD3-4CE0-B8C6-BA26055DE000}
		{CCFEFBFD-010D-4B2F-BC45-D13CC89CB36E} = {C5D3408C-92BA-4FB6-9A03-8E956AE324EF}
		{4118B9A8-82BA-486C-93AE-8F628E7A3433} = {C5D3408C-92BA-4FB6-9A03-8E956AE324EF}
	EndGlobalSection
	GlobalSection(ExtensibilityGlobals) = postSolution
		SolutionGuid = {C4CA4702-6764-492B-8353-A9D409A4A229}
	EndGlobalSection
EndGlobal
